
PODS:
- AFNetworking (1.1.0)
- CAFGitHub (0.0.6):
  - AFNetworking (~> 1.1.0)
  - Mantle (~> 0.2.2)
- Mantle (0.2.3):
  - libextobjc/EXTKeyPathCoding
  - libextobjc/EXTScope
- libextobjc/EXTKeyPathCoding (0.2.5)
- libextobjc/EXTScope (0.2.5)

DEPENDENCIES:
- CAFGitHub (from `https://github.com/codecaffeine/CAFGitHub.git', tag `0.0.6')

EXTERNAL SOURCES:
  CAFGitHub:
    :git: https://github.com/codecaffeine/CAFGitHub.git
    :tag: 0.0.6

SPEC CHECKSUMS:
  AFNetworking: 761a418233d280c1e0580bcb76ff9cb4c3073d17
  CAFGitHub: 72c6a0c36dd60665cc326b78868d91ea917d0c8c
  Mantle: 4a20405b7aba3452007294badee2b3cb137825c3
  libextobjc/EXTKeyPathCoding: 4a286cdbe966b6685b20a0a1444188a104ed3f40
  libextobjc/EXTScope: 4a286cdbe966b6685b20a0a1444188a104ed3f40

COCOAPODS: 0.16.2
