PODS:
  - AFNetworking (1.1.0)
  - CAFGitHub (0.0.6):
    - AFNetworking (~> 1.1.0)
    - Mantle (~> 0.2.2)
  - libextobjc/EXTKeyPathCoding (0.2.5):
    - libextobjc/RuntimeExtensions
  - libextobjc/EXTScope (0.2.5):
    - libextobjc/RuntimeExtensions
  - libextobjc/RuntimeExtensions (0.2.5)
  - Mantle (0.2.3):
    - libextobjc/EXTKeyPathCoding
    - libextobjc/EXTScope

DEPENDENCIES:
  - CAFGitHub (from `https://github.com/codecaffeine/CAFGitHub.git`, tag `0.0.6`)

EXTERNAL SOURCES:
  CAFGitHub:
    :git: https://github.com/codecaffeine/CAFGitHub.git
    :tag: 0.0.6

SPEC CHECKSUMS:
  AFNetworking: 761a418233d280c1e0580bcb76ff9cb4c3073d17
  CAFGitHub: 72c6a0c36dd60665cc326b78868d91ea917d0c8c
  libextobjc: 2cbc74caf8bdc74a86fdf24673f773c83424ea98
  Mantle: 4a20405b7aba3452007294badee2b3cb137825c3

COCOAPODS: 0.17.0
