// !$*UTF8*$!
{
	archiveVersion = 1;
	classes = {
	};
	objectVersion = 46;
	objects = {

/* Begin PBXBuildFile section */
		C92BBCA515EA4FDF00A20012 /* CAFRegexInputViewController.m in Sources */ = {isa = PBXBuildFile; fileRef = C92BBCA415EA4FDF00A20012 /* CAFRegexInputViewController.m */; };
		C92BBCA815EA540900A20012 /* CAFMatchedTextViewController.m in Sources */ = {isa = PBXBuildFile; fileRef = C92BBCA715EA540900A20012 /* CAFMatchedTextViewController.m */; };
		C9452A3D16094F2600D8FF98 /* AppIcon144.png in Resources */ = {isa = PBXBuildFile; fileRef = C9452A3B16094F2600D8FF98 /* AppIcon144.png */; };
		C9452A3E16094F2600D8FF98 /* AppIcon72.png in Resources */ = {isa = PBXBuildFile; fileRef = C9452A3C16094F2600D8FF98 /* AppIcon72.png */; };
		C947AECE15FCD6E900FE36C2 /* CAFInputAccessoryPlaceholder.m in Sources */ = {isa = PBXBuildFile; fileRef = C947AECD15FCD6E900FE36C2 /* CAFInputAccessoryPlaceholder.m */; };
		C95DE1AF171B046D00C6EB01 /* CAFCanvasViewController.m in Sources */ = {isa = PBXBuildFile; fileRef = C95DE1AD171B046D00C6EB01 /* CAFCanvasViewController.m */; };
		C9817E5C1617BD600042CB1A /* SourceCodePro-Black.otf in Resources */ = {isa = PBXBuildFile; fileRef = C9817E571617BD600042CB1A /* SourceCodePro-Black.otf */; };
		C9817E5D1617BD600042CB1A /* SourceCodePro-Bold.otf in Resources */ = {isa = PBXBuildFile; fileRef = C9817E581617BD600042CB1A /* SourceCodePro-Bold.otf */; };
		C9817E5E1617BD600042CB1A /* SourceCodePro-ExtraLight.otf in Resources */ = {isa = PBXBuildFile; fileRef = C9817E591617BD600042CB1A /* SourceCodePro-ExtraLight.otf */; };
		C9817E5F1617BD600042CB1A /* SourceCodePro-Light.otf in Resources */ = {isa = PBXBuildFile; fileRef = C9817E5A1617BD600042CB1A /* SourceCodePro-Light.otf */; };
		C9817E601617BD600042CB1A /* SourceCodePro-Regular.otf in Resources */ = {isa = PBXBuildFile; fileRef = C9817E5B1617BD600042CB1A /* SourceCodePro-Regular.otf */; };
		C9A5A3DA1714F9D0006AE972 /* CAFMatchedTextViewModel.m in Sources */ = {isa = PBXBuildFile; fileRef = C9A5A3D91714F9D0006AE972 /* CAFMatchedTextViewModel.m */; };
		C9A5A3DD1719BDA5006AE972 /* CAFTestMatchedTextViewModel.m in Sources */ = {isa = PBXBuildFile; fileRef = C9A5A3DC1719BDA5006AE972 /* CAFTestMatchedTextViewModel.m */; };
		C9A839A21617CFA0001C68C1 /* SourceCodePro-Semibold.otf in Resources */ = {isa = PBXBuildFile; fileRef = C9A839A11617CFA0001C68C1 /* SourceCodePro-Semibold.otf */; };
		C9A8B79815E939F80023FEBC /* UIKit.framework in Frameworks */ = {isa = PBXBuildFile; fileRef = C9A8B79715E939F80023FEBC /* UIKit.framework */; };
		C9A8B79A15E939F80023FEBC /* Foundation.framework in Frameworks */ = {isa = PBXBuildFile; fileRef = C9A8B79915E939F80023FEBC /* Foundation.framework */; };
		C9A8B79C15E939F80023FEBC /* CoreGraphics.framework in Frameworks */ = {isa = PBXBuildFile; fileRef = C9A8B79B15E939F80023FEBC /* CoreGraphics.framework */; };
		C9A8B79E15E939F80023FEBC /* CoreData.framework in Frameworks */ = {isa = PBXBuildFile; fileRef = C9A8B79D15E939F80023FEBC /* CoreData.framework */; };
		C9A8B7A415E939F80023FEBC /* InfoPlist.strings in Resources */ = {isa = PBXBuildFile; fileRef = C9A8B7A215E939F80023FEBC /* InfoPlist.strings */; };
		C9A8B7A615E939F80023FEBC /* main.m in Sources */ = {isa = PBXBuildFile; fileRef = C9A8B7A515E939F80023FEBC /* main.m */; };
		C9A8B7AA15E939F80023FEBC /* CAFAppDelegate.m in Sources */ = {isa = PBXBuildFile; fileRef = C9A8B7A915E939F80023FEBC /* CAFAppDelegate.m */; };
		C9A8B7AD15E939F80023FEBC /* MainStoryboard.storyboard in Resources */ = {isa = PBXBuildFile; fileRef = C9A8B7AB15E939F80023FEBC /* MainStoryboard.storyboard */; };
		C9A8B7B015E939F80023FEBC /* Curiosity.xcdatamodeld in Sources */ = {isa = PBXBuildFile; fileRef = C9A8B7AE15E939F80023FEBC /* Curiosity.xcdatamodeld */; };
		C9A8B7BE15E939F80023FEBC /* SenTestingKit.framework in Frameworks */ = {isa = PBXBuildFile; fileRef = C9A8B7BD15E939F80023FEBC /* SenTestingKit.framework */; };
		C9A8B7BF15E939F80023FEBC /* UIKit.framework in Frameworks */ = {isa = PBXBuildFile; fileRef = C9A8B79715E939F80023FEBC /* UIKit.framework */; };
		C9A8B7C015E939F80023FEBC /* Foundation.framework in Frameworks */ = {isa = PBXBuildFile; fileRef = C9A8B79915E939F80023FEBC /* Foundation.framework */; };
		C9A8B7C115E939F80023FEBC /* CoreData.framework in Frameworks */ = {isa = PBXBuildFile; fileRef = C9A8B79D15E939F80023FEBC /* CoreData.framework */; };
		C9A8B7C915E939F80023FEBC /* InfoPlist.strings in Resources */ = {isa = PBXBuildFile; fileRef = C9A8B7C715E939F80023FEBC /* InfoPlist.strings */; };
		C9E52D881708AD970099DB57 /* CAFFileURLClient.m in Sources */ = {isa = PBXBuildFile; fileRef = C9E52D871708AD970099DB57 /* CAFFileURLClient.m */; };
		C9E52D8B1708AF100099DB57 /* CAFTestFileURLClient.m in Sources */ = {isa = PBXBuildFile; fileRef = C9E52D8A1708AF100099DB57 /* CAFTestFileURLClient.m */; };
		C9E52D8E1708AF960099DB57 /* CAFMockURLConnection.m in Sources */ = {isa = PBXBuildFile; fileRef = C9E52D8D1708AF960099DB57 /* CAFMockURLConnection.m */; };
		C9E52D91170BAE410099DB57 /* CAFFileFromURLViewController.m in Sources */ = {isa = PBXBuildFile; fileRef = C9E52D90170BAE410099DB57 /* CAFFileFromURLViewController.m */; };
		C9E7EA7415FBFD8600091343 /* QuartzCore.framework in Frameworks */ = {isa = PBXBuildFile; fileRef = C9E7EA7315FBFD8600091343 /* QuartzCore.framework */; };
		D5165C35B6AF470D8DCDD4A8 /* libPods.a in Frameworks */ = {isa = PBXBuildFile; fileRef = 19750D57E1294B4AA63692BF /* libPods.a */; };
/* End PBXBuildFile section */

/* Begin PBXContainerItemProxy section */
		C9A8B7C215E939F80023FEBC /* PBXContainerItemProxy */ = {
			isa = PBXContainerItemProxy;
			containerPortal = C9A8B78A15E939F80023FEBC /* Project object */;
			proxyType = 1;
			remoteGlobalIDString = C9A8B79215E939F80023FEBC;
			remoteInfo = Curiosity;
		};
/* End PBXContainerItemProxy section */

/* Begin PBXFileReference section */
		19750D57E1294B4AA63692BF /* libPods.a */ = {isa = PBXFileReference; explicitFileType = archive.ar; includeInIndex = 0; path = libPods.a; sourceTree = BUILT_PRODUCTS_DIR; };
		C6D907FA8296406BA19C564F /* Pods.xcconfig */ = {isa = PBXFileReference; includeInIndex = 1; lastKnownFileType = text.xcconfig; name = Pods.xcconfig; path = Pods/Pods.xcconfig; sourceTree = SOURCE_ROOT; };
		C92BBCA315EA4FDF00A20012 /* CAFRegexInputViewController.h */ = {isa = PBXFileReference; fileEncoding = 4; lastKnownFileType = sourcecode.c.h; path = CAFRegexInputViewController.h; sourceTree = "<group>"; };
		C92BBCA415EA4FDF00A20012 /* CAFRegexInputViewController.m */ = {isa = PBXFileReference; fileEncoding = 4; lastKnownFileType = sourcecode.c.objc; path = CAFRegexInputViewController.m; sourceTree = "<group>"; };
		C92BBCA615EA540900A20012 /* CAFMatchedTextViewController.h */ = {isa = PBXFileReference; fileEncoding = 4; lastKnownFileType = sourcecode.c.h; path = CAFMatchedTextViewController.h; sourceTree = "<group>"; };
		C92BBCA715EA540900A20012 /* CAFMatchedTextViewController.m */ = {isa = PBXFileReference; fileEncoding = 4; lastKnownFileType = sourcecode.c.objc; path = CAFMatchedTextViewController.m; sourceTree = "<group>"; };
		C9452A3B16094F2600D8FF98 /* AppIcon144.png */ = {isa = PBXFileReference; lastKnownFileType = image.png; path = AppIcon144.png; sourceTree = "<group>"; };
		C9452A3C16094F2600D8FF98 /* AppIcon72.png */ = {isa = PBXFileReference; lastKnownFileType = image.png; path = AppIcon72.png; sourceTree = "<group>"; };
		C947AECC15FCD6E900FE36C2 /* CAFInputAccessoryPlaceholder.h */ = {isa = PBXFileReference; fileEncoding = 4; lastKnownFileType = sourcecode.c.h; path = CAFInputAccessoryPlaceholder.h; sourceTree = "<group>"; };
		C947AECD15FCD6E900FE36C2 /* CAFInputAccessoryPlaceholder.m */ = {isa = PBXFileReference; fileEncoding = 4; lastKnownFileType = sourcecode.c.objc; path = CAFInputAccessoryPlaceholder.m; sourceTree = "<group>"; };
		C95DE1AC171B046D00C6EB01 /* CAFCanvasViewController.h */ = {isa = PBXFileReference; fileEncoding = 4; lastKnownFileType = sourcecode.c.h; path = CAFCanvasViewController.h; sourceTree = "<group>"; };
		C95DE1AD171B046D00C6EB01 /* CAFCanvasViewController.m */ = {isa = PBXFileReference; fileEncoding = 4; lastKnownFileType = sourcecode.c.objc; path = CAFCanvasViewController.m; sourceTree = "<group>"; };
		C9817E571617BD600042CB1A /* SourceCodePro-Black.otf */ = {isa = PBXFileReference; lastKnownFileType = file; path = "SourceCodePro-Black.otf"; sourceTree = "<group>"; };
		C9817E581617BD600042CB1A /* SourceCodePro-Bold.otf */ = {isa = PBXFileReference; lastKnownFileType = file; path = "SourceCodePro-Bold.otf"; sourceTree = "<group>"; };
		C9817E591617BD600042CB1A /* SourceCodePro-ExtraLight.otf */ = {isa = PBXFileReference; lastKnownFileType = file; path = "SourceCodePro-ExtraLight.otf"; sourceTree = "<group>"; };
		C9817E5A1617BD600042CB1A /* SourceCodePro-Light.otf */ = {isa = PBXFileReference; lastKnownFileType = file; path = "SourceCodePro-Light.otf"; sourceTree = "<group>"; };
		C9817E5B1617BD600042CB1A /* SourceCodePro-Regular.otf */ = {isa = PBXFileReference; lastKnownFileType = file; path = "SourceCodePro-Regular.otf"; sourceTree = "<group>"; };
		C9A5A3D81714F9CF006AE972 /* CAFMatchedTextViewModel.h */ = {isa = PBXFileReference; fileEncoding = 4; lastKnownFileType = sourcecode.c.h; path = CAFMatchedTextViewModel.h; sourceTree = "<group>"; };
		C9A5A3D91714F9D0006AE972 /* CAFMatchedTextViewModel.m */ = {isa = PBXFileReference; fileEncoding = 4; lastKnownFileType = sourcecode.c.objc; path = CAFMatchedTextViewModel.m; sourceTree = "<group>"; };
		C9A5A3DB1719BDA5006AE972 /* CAFTestMatchedTextViewModel.h */ = {isa = PBXFileReference; fileEncoding = 4; lastKnownFileType = sourcecode.c.h; path = CAFTestMatchedTextViewModel.h; sourceTree = "<group>"; };
		C9A5A3DC1719BDA5006AE972 /* CAFTestMatchedTextViewModel.m */ = {isa = PBXFileReference; fileEncoding = 4; lastKnownFileType = sourcecode.c.objc; path = CAFTestMatchedTextViewModel.m; sourceTree = "<group>"; };
		C9A839A11617CFA0001C68C1 /* SourceCodePro-Semibold.otf */ = {isa = PBXFileReference; lastKnownFileType = file; path = "SourceCodePro-Semibold.otf"; sourceTree = "<group>"; };
		C9A8B79315E939F80023FEBC /* Curiosity.app */ = {isa = PBXFileReference; explicitFileType = wrapper.application; includeInIndex = 0; path = Curiosity.app; sourceTree = BUILT_PRODUCTS_DIR; };
		C9A8B79715E939F80023FEBC /* UIKit.framework */ = {isa = PBXFileReference; lastKnownFileType = wrapper.framework; name = UIKit.framework; path = System/Library/Frameworks/UIKit.framework; sourceTree = SDKROOT; };
		C9A8B79915E939F80023FEBC /* Foundation.framework */ = {isa = PBXFileReference; lastKnownFileType = wrapper.framework; name = Foundation.framework; path = System/Library/Frameworks/Foundation.framework; sourceTree = SDKROOT; };
		C9A8B79B15E939F80023FEBC /* CoreGraphics.framework */ = {isa = PBXFileReference; lastKnownFileType = wrapper.framework; name = CoreGraphics.framework; path = System/Library/Frameworks/CoreGraphics.framework; sourceTree = SDKROOT; };
		C9A8B79D15E939F80023FEBC /* CoreData.framework */ = {isa = PBXFileReference; lastKnownFileType = wrapper.framework; name = CoreData.framework; path = System/Library/Frameworks/CoreData.framework; sourceTree = SDKROOT; };
		C9A8B7A115E939F80023FEBC /* Curiosity-Info.plist */ = {isa = PBXFileReference; lastKnownFileType = text.plist.xml; path = "Curiosity-Info.plist"; sourceTree = "<group>"; };
		C9A8B7A315E939F80023FEBC /* en */ = {isa = PBXFileReference; lastKnownFileType = text.plist.strings; name = en; path = en.lproj/InfoPlist.strings; sourceTree = "<group>"; };
		C9A8B7A515E939F80023FEBC /* main.m */ = {isa = PBXFileReference; lastKnownFileType = sourcecode.c.objc; path = main.m; sourceTree = "<group>"; };
		C9A8B7A715E939F80023FEBC /* Curiosity-Prefix.pch */ = {isa = PBXFileReference; lastKnownFileType = sourcecode.c.h; path = "Curiosity-Prefix.pch"; sourceTree = "<group>"; };
		C9A8B7A815E939F80023FEBC /* CAFAppDelegate.h */ = {isa = PBXFileReference; lastKnownFileType = sourcecode.c.h; path = CAFAppDelegate.h; sourceTree = "<group>"; };
		C9A8B7A915E939F80023FEBC /* CAFAppDelegate.m */ = {isa = PBXFileReference; lastKnownFileType = sourcecode.c.objc; path = CAFAppDelegate.m; sourceTree = "<group>"; };
		C9A8B7AC15E939F80023FEBC /* en */ = {isa = PBXFileReference; lastKnownFileType = file.storyboard; name = en; path = en.lproj/MainStoryboard.storyboard; sourceTree = "<group>"; };
		C9A8B7AF15E939F80023FEBC /* Curiosity.xcdatamodel */ = {isa = PBXFileReference; lastKnownFileType = wrapper.xcdatamodel; path = Curiosity.xcdatamodel; sourceTree = "<group>"; };
		C9A8B7BC15E939F80023FEBC /* CuriosityTests.octest */ = {isa = PBXFileReference; explicitFileType = wrapper.cfbundle; includeInIndex = 0; path = CuriosityTests.octest; sourceTree = BUILT_PRODUCTS_DIR; };
		C9A8B7BD15E939F80023FEBC /* SenTestingKit.framework */ = {isa = PBXFileReference; lastKnownFileType = wrapper.framework; name = SenTestingKit.framework; path = Library/Frameworks/SenTestingKit.framework; sourceTree = DEVELOPER_DIR; };
		C9A8B7C615E939F80023FEBC /* CuriosityTests-Info.plist */ = {isa = PBXFileReference; lastKnownFileType = text.plist.xml; path = "CuriosityTests-Info.plist"; sourceTree = "<group>"; };
		C9A8B7C815E939F80023FEBC /* en */ = {isa = PBXFileReference; lastKnownFileType = text.plist.strings; name = en; path = en.lproj/InfoPlist.strings; sourceTree = "<group>"; };
		C9E52D861708AD970099DB57 /* CAFFileURLClient.h */ = {isa = PBXFileReference; fileEncoding = 4; lastKnownFileType = sourcecode.c.h; path = CAFFileURLClient.h; sourceTree = "<group>"; };
		C9E52D871708AD970099DB57 /* CAFFileURLClient.m */ = {isa = PBXFileReference; fileEncoding = 4; lastKnownFileType = sourcecode.c.objc; path = CAFFileURLClient.m; sourceTree = "<group>"; };
		C9E52D891708AF100099DB57 /* CAFTestFileURLClient.h */ = {isa = PBXFileReference; fileEncoding = 4; lastKnownFileType = sourcecode.c.h; path = CAFTestFileURLClient.h; sourceTree = "<group>"; };
		C9E52D8A1708AF100099DB57 /* CAFTestFileURLClient.m */ = {isa = PBXFileReference; fileEncoding = 4; lastKnownFileType = sourcecode.c.objc; path = CAFTestFileURLClient.m; sourceTree = "<group>"; };
		C9E52D8C1708AF960099DB57 /* CAFMockURLConnection.h */ = {isa = PBXFileReference; fileEncoding = 4; lastKnownFileType = sourcecode.c.h; path = CAFMockURLConnection.h; sourceTree = "<group>"; };
		C9E52D8D1708AF960099DB57 /* CAFMockURLConnection.m */ = {isa = PBXFileReference; fileEncoding = 4; lastKnownFileType = sourcecode.c.objc; path = CAFMockURLConnection.m; sourceTree = "<group>"; };
		C9E52D8F170BAE410099DB57 /* CAFFileFromURLViewController.h */ = {isa = PBXFileReference; fileEncoding = 4; lastKnownFileType = sourcecode.c.h; path = CAFFileFromURLViewController.h; sourceTree = "<group>"; };
		C9E52D90170BAE410099DB57 /* CAFFileFromURLViewController.m */ = {isa = PBXFileReference; fileEncoding = 4; lastKnownFileType = sourcecode.c.objc; path = CAFFileFromURLViewController.m; sourceTree = "<group>"; };
		C9E7EA7315FBFD8600091343 /* QuartzCore.framework */ = {isa = PBXFileReference; lastKnownFileType = wrapper.framework; name = QuartzCore.framework; path = System/Library/Frameworks/QuartzCore.framework; sourceTree = SDKROOT; };
/* End PBXFileReference section */

/* Begin PBXFrameworksBuildPhase section */
		C9A8B79015E939F80023FEBC /* Frameworks */ = {
			isa = PBXFrameworksBuildPhase;
			buildActionMask = 2147483647;
			files = (
				C9A8B79815E939F80023FEBC /* UIKit.framework in Frameworks */,
				C9A8B79A15E939F80023FEBC /* Foundation.framework in Frameworks */,
				C9A8B79C15E939F80023FEBC /* CoreGraphics.framework in Frameworks */,
				C9A8B79E15E939F80023FEBC /* CoreData.framework in Frameworks */,
				C9E7EA7415FBFD8600091343 /* QuartzCore.framework in Frameworks */,
				D5165C35B6AF470D8DCDD4A8 /* libPods.a in Frameworks */,
			);
			runOnlyForDeploymentPostprocessing = 0;
		};
		C9A8B7B815E939F80023FEBC /* Frameworks */ = {
			isa = PBXFrameworksBuildPhase;
			buildActionMask = 2147483647;
			files = (
				C9A8B7BE15E939F80023FEBC /* SenTestingKit.framework in Frameworks */,
				C9A8B7BF15E939F80023FEBC /* UIKit.framework in Frameworks */,
				C9A8B7C015E939F80023FEBC /* Foundation.framework in Frameworks */,
				C9A8B7C115E939F80023FEBC /* CoreData.framework in Frameworks */,
			);
			runOnlyForDeploymentPostprocessing = 0;
		};
/* End PBXFrameworksBuildPhase section */

/* Begin PBXGroup section */
		C92BBCA115EA4FAB00A20012 /* Source */ = {
			isa = PBXGroup;
			children = (
				C9E52D8F170BAE410099DB57 /* CAFFileFromURLViewController.h */,
				C9E52D861708AD970099DB57 /* CAFFileURLClient.h */,
				C947AECC15FCD6E900FE36C2 /* CAFInputAccessoryPlaceholder.h */,
				C92BBCA615EA540900A20012 /* CAFMatchedTextViewController.h */,
				C9A5A3D81714F9CF006AE972 /* CAFMatchedTextViewModel.h */,
				C92BBCA315EA4FDF00A20012 /* CAFRegexInputViewController.h */,
				C9E52D90170BAE410099DB57 /* CAFFileFromURLViewController.m */,
				C9E52D871708AD970099DB57 /* CAFFileURLClient.m */,
				C947AECD15FCD6E900FE36C2 /* CAFInputAccessoryPlaceholder.m */,
				C92BBCA715EA540900A20012 /* CAFMatchedTextViewController.m */,
				C9A5A3D91714F9D0006AE972 /* CAFMatchedTextViewModel.m */,
				C92BBCA415EA4FDF00A20012 /* CAFRegexInputViewController.m */,
				C95DE1AC171B046D00C6EB01 /* CAFCanvasViewController.h */,
				C95DE1AD171B046D00C6EB01 /* CAFCanvasViewController.m */,
			);
			path = Source;
			sourceTree = "<group>";
		};
		C99086C915E94E0600182E2B /* Resources */ = {
			isa = PBXGroup;
			children = (
				C9817E571617BD600042CB1A /* SourceCodePro-Black.otf */,
				C9817E581617BD600042CB1A /* SourceCodePro-Bold.otf */,
				C9817E591617BD600042CB1A /* SourceCodePro-ExtraLight.otf */,
				C9817E5A1617BD600042CB1A /* SourceCodePro-Light.otf */,
				C9817E5B1617BD600042CB1A /* SourceCodePro-Regular.otf */,
				C9A839A11617CFA0001C68C1 /* SourceCodePro-Semibold.otf */,
			);
			path = Resources;
			sourceTree = "<group>";
		};
		C9A8B78815E939F80023FEBC = {
			isa = PBXGroup;
			children = (
				C9A8B79F15E939F80023FEBC /* Curiosity */,
				C92BBCA115EA4FAB00A20012 /* Source */,
				C99086C915E94E0600182E2B /* Resources */,
				C9A8B7C415E939F80023FEBC /* Tests */,
				C9A8B79615E939F80023FEBC /* Frameworks */,
				C9A8B79415E939F80023FEBC /* Products */,
				C6D907FA8296406BA19C564F /* Pods.xcconfig */,
			);
			sourceTree = "<group>";
		};
		C9A8B79415E939F80023FEBC /* Products */ = {
			isa = PBXGroup;
			children = (
				C9A8B79315E939F80023FEBC /* Curiosity.app */,
				C9A8B7BC15E939F80023FEBC /* CuriosityTests.octest */,
			);
			name = Products;
			sourceTree = "<group>";
		};
		C9A8B79615E939F80023FEBC /* Frameworks */ = {
			isa = PBXGroup;
			children = (
				C9A8B79715E939F80023FEBC /* UIKit.framework */,
				C9A8B79915E939F80023FEBC /* Foundation.framework */,
				C9A8B79B15E939F80023FEBC /* CoreGraphics.framework */,
				C9A8B79D15E939F80023FEBC /* CoreData.framework */,
				C9E7EA7315FBFD8600091343 /* QuartzCore.framework */,
				C9A8B7BD15E939F80023FEBC /* SenTestingKit.framework */,
				19750D57E1294B4AA63692BF /* libPods.a */,
			);
			name = Frameworks;
			sourceTree = "<group>";
		};
		C9A8B79F15E939F80023FEBC /* Curiosity */ = {
			isa = PBXGroup;
			children = (
				C9452A3B16094F2600D8FF98 /* AppIcon144.png */,
				C9452A3C16094F2600D8FF98 /* AppIcon72.png */,
				C9A8B7A815E939F80023FEBC /* CAFAppDelegate.h */,
				C9A8B7A915E939F80023FEBC /* CAFAppDelegate.m */,
				C9A8B7A115E939F80023FEBC /* Curiosity-Info.plist */,
				C9A8B7A715E939F80023FEBC /* Curiosity-Prefix.pch */,
				C9A8B7AE15E939F80023FEBC /* Curiosity.xcdatamodeld */,
				C9A8B7A215E939F80023FEBC /* InfoPlist.strings */,
				C9A8B7A515E939F80023FEBC /* main.m */,
				C9A8B7AB15E939F80023FEBC /* MainStoryboard.storyboard */,
			);
			path = Curiosity;
			sourceTree = "<group>";
		};
		C9A8B7C415E939F80023FEBC /* Tests */ = {
			isa = PBXGroup;
			children = (
				C9E52D8C1708AF960099DB57 /* CAFMockURLConnection.h */,
				C9E52D891708AF100099DB57 /* CAFTestFileURLClient.h */,
				C9A5A3DB1719BDA5006AE972 /* CAFTestMatchedTextViewModel.h */,
				C9E52D8D1708AF960099DB57 /* CAFMockURLConnection.m */,
				C9E52D8A1708AF100099DB57 /* CAFTestFileURLClient.m */,
				C9A5A3DC1719BDA5006AE972 /* CAFTestMatchedTextViewModel.m */,
				C9A8B7C515E939F80023FEBC /* Supporting Files */,
			);
			path = Tests;
			sourceTree = "<group>";
		};
		C9A8B7C515E939F80023FEBC /* Supporting Files */ = {
			isa = PBXGroup;
			children = (
				C9A8B7C615E939F80023FEBC /* CuriosityTests-Info.plist */,
				C9A8B7C715E939F80023FEBC /* InfoPlist.strings */,
			);
			name = "Supporting Files";
			sourceTree = "<group>";
		};
/* End PBXGroup section */

/* Begin PBXNativeTarget section */
		C9A8B79215E939F80023FEBC /* Curiosity */ = {
			isa = PBXNativeTarget;
			buildConfigurationList = C9A8B7CF15E939F80023FEBC /* Build configuration list for PBXNativeTarget "Curiosity" */;
			buildPhases = (
				C9A8B78F15E939F80023FEBC /* Sources */,
				C9A8B79015E939F80023FEBC /* Frameworks */,
				C9A8B79115E939F80023FEBC /* Resources */,
				CCA67C9D843848E1A60BB98A /* Copy Pods Resources */,
			);
			buildRules = (
			);
			dependencies = (
			);
			name = Curiosity;
			productName = Curiosity;
			productReference = C9A8B79315E939F80023FEBC /* Curiosity.app */;
			productType = "com.apple.product-type.application";
		};
		C9A8B7BB15E939F80023FEBC /* CuriosityTests */ = {
			isa = PBXNativeTarget;
			buildConfigurationList = C9A8B7D215E939F80023FEBC /* Build configuration list for PBXNativeTarget "CuriosityTests" */;
			buildPhases = (
				C9A8B7B715E939F80023FEBC /* Sources */,
				C9A8B7B815E939F80023FEBC /* Frameworks */,
				C9A8B7B915E939F80023FEBC /* Resources */,
				C9A8B7BA15E939F80023FEBC /* ShellScript */,
			);
			buildRules = (
			);
			dependencies = (
				C9A8B7C315E939F80023FEBC /* PBXTargetDependency */,
			);
			name = CuriosityTests;
			productName = CuriosityTests;
			productReference = C9A8B7BC15E939F80023FEBC /* CuriosityTests.octest */;
			productType = "com.apple.product-type.bundle";
		};
/* End PBXNativeTarget section */

/* Begin PBXProject section */
		C9A8B78A15E939F80023FEBC /* Project object */ = {
			isa = PBXProject;
			attributes = {
				CLASSPREFIX = CAF;
				LastUpgradeCheck = 0450;
				ORGANIZATIONNAME = "Matthew Thomas";
			};
			buildConfigurationList = C9A8B78D15E939F80023FEBC /* Build configuration list for PBXProject "Curiosity" */;
			compatibilityVersion = "Xcode 3.2";
			developmentRegion = English;
			hasScannedForEncodings = 0;
			knownRegions = (
				en,
			);
			mainGroup = C9A8B78815E939F80023FEBC;
			productRefGroup = C9A8B79415E939F80023FEBC /* Products */;
			projectDirPath = "";
			projectRoot = "";
			targets = (
				C9A8B79215E939F80023FEBC /* Curiosity */,
				C9A8B7BB15E939F80023FEBC /* CuriosityTests */,
			);
		};
/* End PBXProject section */

/* Begin PBXResourcesBuildPhase section */
		C9A8B79115E939F80023FEBC /* Resources */ = {
			isa = PBXResourcesBuildPhase;
			buildActionMask = 2147483647;
			files = (
				C9A8B7A415E939F80023FEBC /* InfoPlist.strings in Resources */,
				C9A8B7AD15E939F80023FEBC /* MainStoryboard.storyboard in Resources */,
				C9452A3D16094F2600D8FF98 /* AppIcon144.png in Resources */,
				C9452A3E16094F2600D8FF98 /* AppIcon72.png in Resources */,
				C9817E5C1617BD600042CB1A /* SourceCodePro-Black.otf in Resources */,
				C9817E5D1617BD600042CB1A /* SourceCodePro-Bold.otf in Resources */,
				C9817E5E1617BD600042CB1A /* SourceCodePro-ExtraLight.otf in Resources */,
				C9817E5F1617BD600042CB1A /* SourceCodePro-Light.otf in Resources */,
				C9817E601617BD600042CB1A /* SourceCodePro-Regular.otf in Resources */,
				C9A839A21617CFA0001C68C1 /* SourceCodePro-Semibold.otf in Resources */,
			);
			runOnlyForDeploymentPostprocessing = 0;
		};
		C9A8B7B915E939F80023FEBC /* Resources */ = {
			isa = PBXResourcesBuildPhase;
			buildActionMask = 2147483647;
			files = (
				C9A8B7C915E939F80023FEBC /* InfoPlist.strings in Resources */,
			);
			runOnlyForDeploymentPostprocessing = 0;
		};
/* End PBXResourcesBuildPhase section */

/* Begin PBXShellScriptBuildPhase section */
		C9A8B7BA15E939F80023FEBC /* ShellScript */ = {
			isa = PBXShellScriptBuildPhase;
			buildActionMask = 2147483647;
			files = (
			);
			inputPaths = (
			);
			outputPaths = (
			);
			runOnlyForDeploymentPostprocessing = 0;
			shellPath = /bin/sh;
			shellScript = "# Run the unit tests in this test bundle.\n\"${SYSTEM_DEVELOPER_DIR}/Tools/RunUnitTests\"\n";
		};
		CCA67C9D843848E1A60BB98A /* Copy Pods Resources */ = {
			isa = PBXShellScriptBuildPhase;
			buildActionMask = 2147483647;
			files = (
			);
			inputPaths = (
			);
			name = "Copy Pods Resources";
			outputPaths = (
			);
			runOnlyForDeploymentPostprocessing = 0;
			shellPath = /bin/sh;
			shellScript = "\"${SRCROOT}/Pods/Pods-resources.sh\"\n";
		};
/* End PBXShellScriptBuildPhase section */

/* Begin PBXSourcesBuildPhase section */
		C9A8B78F15E939F80023FEBC /* Sources */ = {
			isa = PBXSourcesBuildPhase;
			buildActionMask = 2147483647;
			files = (
				C9A8B7A615E939F80023FEBC /* main.m in Sources */,
				C9A8B7AA15E939F80023FEBC /* CAFAppDelegate.m in Sources */,
				C9A8B7B015E939F80023FEBC /* Curiosity.xcdatamodeld in Sources */,
				C92BBCA515EA4FDF00A20012 /* CAFRegexInputViewController.m in Sources */,
				C92BBCA815EA540900A20012 /* CAFMatchedTextViewController.m in Sources */,
				C947AECE15FCD6E900FE36C2 /* CAFInputAccessoryPlaceholder.m in Sources */,
				C9E52D881708AD970099DB57 /* CAFFileURLClient.m in Sources */,
				C9E52D91170BAE410099DB57 /* CAFFileFromURLViewController.m in Sources */,
				C9A5A3DA1714F9D0006AE972 /* CAFMatchedTextViewModel.m in Sources */,
				C95DE1AF171B046D00C6EB01 /* CAFCanvasViewController.m in Sources */,
			);
			runOnlyForDeploymentPostprocessing = 0;
		};
		C9A8B7B715E939F80023FEBC /* Sources */ = {
			isa = PBXSourcesBuildPhase;
			buildActionMask = 2147483647;
			files = (
				C9E52D8B1708AF100099DB57 /* CAFTestFileURLClient.m in Sources */,
				C9E52D8E1708AF960099DB57 /* CAFMockURLConnection.m in Sources */,
				C9A5A3DD1719BDA5006AE972 /* CAFTestMatchedTextViewModel.m in Sources */,
			);
			runOnlyForDeploymentPostprocessing = 0;
		};
/* End PBXSourcesBuildPhase section */

/* Begin PBXTargetDependency section */
		C9A8B7C315E939F80023FEBC /* PBXTargetDependency */ = {
			isa = PBXTargetDependency;
			target = C9A8B79215E939F80023FEBC /* Curiosity */;
			targetProxy = C9A8B7C215E939F80023FEBC /* PBXContainerItemProxy */;
		};
/* End PBXTargetDependency section */

/* Begin PBXVariantGroup section */
		C9A8B7A215E939F80023FEBC /* InfoPlist.strings */ = {
			isa = PBXVariantGroup;
			children = (
				C9A8B7A315E939F80023FEBC /* en */,
			);
			name = InfoPlist.strings;
			sourceTree = "<group>";
		};
		C9A8B7AB15E939F80023FEBC /* MainStoryboard.storyboard */ = {
			isa = PBXVariantGroup;
			children = (
				C9A8B7AC15E939F80023FEBC /* en */,
			);
			name = MainStoryboard.storyboard;
			sourceTree = "<group>";
		};
		C9A8B7C715E939F80023FEBC /* InfoPlist.strings */ = {
			isa = PBXVariantGroup;
			children = (
				C9A8B7C815E939F80023FEBC /* en */,
			);
			name = InfoPlist.strings;
			sourceTree = "<group>";
		};
/* End PBXVariantGroup section */

/* Begin XCBuildConfiguration section */
		C9A8B7CD15E939F80023FEBC /* Debug */ = {
			isa = XCBuildConfiguration;
			buildSettings = {
				ALWAYS_SEARCH_USER_PATHS = NO;
				CLANG_CXX_LANGUAGE_STANDARD = "gnu++0x";
				CLANG_CXX_LIBRARY = "libc++";
				CLANG_ENABLE_OBJC_ARC = YES;
				CLANG_WARN__DUPLICATE_METHOD_MATCH = YES;
				"CODE_SIGN_IDENTITY[sdk=iphoneos*]" = "iPhone Developer";
				COPY_PHASE_STRIP = NO;
				GCC_C_LANGUAGE_STANDARD = gnu99;
				GCC_DYNAMIC_NO_PIC = NO;
				GCC_OPTIMIZATION_LEVEL = 0;
				GCC_PREPROCESSOR_DEFINITIONS = (
					"DEBUG=1",
					"$(inherited)",
				);
				GCC_SYMBOLS_PRIVATE_EXTERN = NO;
				GCC_WARN_ABOUT_RETURN_TYPE = YES;
				GCC_WARN_UNINITIALIZED_AUTOS = YES;
				GCC_WARN_UNUSED_VARIABLE = YES;
				IPHONEOS_DEPLOYMENT_TARGET = 6.0;
				SDKROOT = iphoneos;
				TARGETED_DEVICE_FAMILY = 2;
			};
			name = Debug;
		};
		C9A8B7CE15E939F80023FEBC /* Release */ = {
			isa = XCBuildConfiguration;
			buildSettings = {
				ALWAYS_SEARCH_USER_PATHS = NO;
				CLANG_CXX_LANGUAGE_STANDARD = "gnu++0x";
				CLANG_CXX_LIBRARY = "libc++";
				CLANG_ENABLE_OBJC_ARC = YES;
				CLANG_WARN__DUPLICATE_METHOD_MATCH = YES;
				"CODE_SIGN_IDENTITY[sdk=iphoneos*]" = "iPhone Developer";
				COPY_PHASE_STRIP = YES;
				GCC_C_LANGUAGE_STANDARD = gnu99;
				GCC_WARN_ABOUT_RETURN_TYPE = YES;
				GCC_WARN_UNINITIALIZED_AUTOS = YES;
				GCC_WARN_UNUSED_VARIABLE = YES;
				IPHONEOS_DEPLOYMENT_TARGET = 6.0;
				OTHER_CFLAGS = "-DNS_BLOCK_ASSERTIONS=1";
				SDKROOT = iphoneos;
				TARGETED_DEVICE_FAMILY = 2;
				VALIDATE_PRODUCT = YES;
			};
			name = Release;
		};
		C9A8B7D015E939F80023FEBC /* Debug */ = {
			isa = XCBuildConfiguration;
			baseConfigurationReference = C6D907FA8296406BA19C564F /* Pods.xcconfig */;
			buildSettings = {
				GCC_PRECOMPILE_PREFIX_HEADER = YES;
				GCC_PREFIX_HEADER = "Curiosity/Curiosity-Prefix.pch";
				INFOPLIST_FILE = "Curiosity/Curiosity-Info.plist";
				PRODUCT_NAME = "$(TARGET_NAME)";
				WRAPPER_EXTENSION = app;
			};
			name = Debug;
		};
		C9A8B7D115E939F80023FEBC /* Release */ = {
			isa = XCBuildConfiguration;
			baseConfigurationReference = C6D907FA8296406BA19C564F /* Pods.xcconfig */;
			buildSettings = {
				GCC_PRECOMPILE_PREFIX_HEADER = YES;
				GCC_PREFIX_HEADER = "Curiosity/Curiosity-Prefix.pch";
				INFOPLIST_FILE = "Curiosity/Curiosity-Info.plist";
				PRODUCT_NAME = "$(TARGET_NAME)";
				WRAPPER_EXTENSION = app;
			};
			name = Release;
		};
		C9A8B7D315E939F80023FEBC /* Debug */ = {
			isa = XCBuildConfiguration;
			baseConfigurationReference = C6D907FA8296406BA19C564F /* Pods.xcconfig */;
			buildSettings = {
				BUNDLE_LOADER = "$(BUILT_PRODUCTS_DIR)/Curiosity.app/Curiosity";
				FRAMEWORK_SEARCH_PATHS = (
					"\"$(SDKROOT)/Developer/Library/Frameworks\"",
					"\"$(DEVELOPER_LIBRARY_DIR)/Frameworks\"",
				);
				GCC_PRECOMPILE_PREFIX_HEADER = YES;
				GCC_PREFIX_HEADER = "Curiosity/Curiosity-Prefix.pch";
				INFOPLIST_FILE = "Tests/CuriosityTests-Info.plist";
				PRODUCT_NAME = "$(TARGET_NAME)";
				TEST_HOST = "$(BUNDLE_LOADER)";
				WRAPPER_EXTENSION = octest;
			};
			name = Debug;
		};
		C9A8B7D415E939F80023FEBC /* Release */ = {
			isa = XCBuildConfiguration;
			baseConfigurationReference = C6D907FA8296406BA19C564F /* Pods.xcconfig */;
			buildSettings = {
				BUNDLE_LOADER = "$(BUILT_PRODUCTS_DIR)/Curiosity.app/Curiosity";
				FRAMEWORK_SEARCH_PATHS = (
					"\"$(SDKROOT)/Developer/Library/Frameworks\"",
					"\"$(DEVELOPER_LIBRARY_DIR)/Frameworks\"",
				);
				GCC_PRECOMPILE_PREFIX_HEADER = YES;
				GCC_PREFIX_HEADER = "Curiosity/Curiosity-Prefix.pch";
				INFOPLIST_FILE = "Tests/CuriosityTests-Info.plist";
				PRODUCT_NAME = "$(TARGET_NAME)";
				TEST_HOST = "$(BUNDLE_LOADER)";
				WRAPPER_EXTENSION = octest;
			};
			name = Release;
		};
/* End XCBuildConfiguration section */

/* Begin XCConfigurationList section */
		C9A8B78D15E939F80023FEBC /* Build configuration list for PBXProject "Curiosity" */ = {
			isa = XCConfigurationList;
			buildConfigurations = (
				C9A8B7CD15E939F80023FEBC /* Debug */,
				C9A8B7CE15E939F80023FEBC /* Release */,
			);
			defaultConfigurationIsVisible = 0;
			defaultConfigurationName = Release;
		};
		C9A8B7CF15E939F80023FEBC /* Build configuration list for PBXNativeTarget "Curiosity" */ = {
			isa = XCConfigurationList;
			buildConfigurations = (
				C9A8B7D015E939F80023FEBC /* Debug */,
				C9A8B7D115E939F80023FEBC /* Release */,
			);
			defaultConfigurationIsVisible = 0;
			defaultConfigurationName = Release;
		};
		C9A8B7D215E939F80023FEBC /* Build configuration list for PBXNativeTarget "CuriosityTests" */ = {
			isa = XCConfigurationList;
			buildConfigurations = (
				C9A8B7D315E939F80023FEBC /* Debug */,
				C9A8B7D415E939F80023FEBC /* Release */,
			);
			defaultConfigurationIsVisible = 0;
			defaultConfigurationName = Release;
		};
/* End XCConfigurationList section */

/* Begin XCVersionGroup section */
		C9A8B7AE15E939F80023FEBC /* Curiosity.xcdatamodeld */ = {
			isa = XCVersionGroup;
			children = (
				C9A8B7AF15E939F80023FEBC /* Curiosity.xcdatamodel */,
			);
			currentVersion = C9A8B7AF15E939F80023FEBC /* Curiosity.xcdatamodel */;
			path = Curiosity.xcdatamodeld;
			sourceTree = "<group>";
			versionGroupType = wrapper.xcdatamodel;
		};
/* End XCVersionGroup section */
	};
	rootObject = C9A8B78A15E939F80023FEBC /* Project object */;
}
